
Microsoft Visual Studio Solution File, Format Version 12.00
# Visual Studio Version 17
VisualStudioVersion = 17.7.34031.279
MinimumVisualStudioVersion = 10.0.40219.1
Project("{888888A0-9F3D-457C-B088-3A5042F75D52}") = "simple_minecraft", "simple_minecraft\simple_minecraft.pyproj", "{D423B2A1-34B4-48B3-9C23-80C0CBAAA663}"
EndProject
Global
	GlobalSection(SolutionConfigurationPlatforms) = preSolution
		Debug|Any CPU = Debug|Any CPU
		Release|Any CPU = Release|Any CPU
	EndGlobalSection
	GlobalSection(ProjectConfigurationPlatforms) = postSolution
		{D423B2A1-34B4-48B3-9C23-80C0CBAAA663}.Debug|Any CPU.ActiveCfg = Debug|Any CPU
		{D423B2A1-34B4-48B3-9C23-80C0CBAAA663}.Release|Any CPU.ActiveCfg = Release|Any CPU
	EndGlobalSection
	GlobalSection(SolutionProperties) = preSolution
		HideSolutionNode = FALSE
	EndGlobalSection
	GlobalSection(ExtensibilityGlobals) = postSolution
		SolutionGuid = {5CC693C7-F752-45C4-B112-626EE3FA0527}
	EndGlobalSection
EndGlobal
